
Microsoft Visual Studio Solution File, Format Version 12.00
# Visual Studio Version 17
VisualStudioVersion = 17.9.34728.123
MinimumVisualStudioVersion = 10.0.40219.1
Project("{9A19103F-16F7-4668-BE54-9A1E7A4F7556}") = "News", "News.csproj", "{3C8F59D1-C1C1-4854-8DAE-4B18AF3CD066}"
EndProject
Project("{2150E333-8FDC-42A3-9474-1A3956D46DE8}") = "Solution Items", "Solution Items", "{5F97C0A6-0A0F-4320-8B2E-F131068AAC33}"
	ProjectSection(SolutionItems) = preProject
		web.config = web.config
	EndProjectSection
EndProject
Global
	GlobalSection(SolutionConfigurationPlatforms) = preSolution
		Debug|Any CPU = Debug|Any CPU
		Release|Any CPU = Release|Any CPU
	EndGlobalSection
	GlobalSection(ProjectConfigurationPlatforms) = postSolution
		{3C8F59D1-C1C1-4854-8DAE-4B18AF3CD066}.Debug|Any CPU.ActiveCfg = Debug|Any CPU
		{3C8F59D1-C1C1-4854-8DAE-4B18AF3CD066}.Debug|Any CPU.Build.0 = Debug|Any CPU
		{3C8F59D1-C1C1-4854-8DAE-4B18AF3CD066}.Release|Any CPU.ActiveCfg = Release|Any CPU
		{3C8F59D1-C1C1-4854-8DAE-4B18AF3CD066}.Release|Any CPU.Build.0 = Release|Any CPU
	EndGlobalSection
	GlobalSection(SolutionProperties) = preSolution
		HideSolutionNode = FALSE
	EndGlobalSection
	GlobalSection(ExtensibilityGlobals) = postSolution
		SolutionGuid = {D8CF3EF4-FC3C-4419-BCFF-B9BBE0523BEC}
	EndGlobalSection
EndGlobal
